
Microsoft Visual Studio Solution File, Format Version 12.00
# Visual Studio Version 17
VisualStudioVersion = 17.13.35828.75 d17.13
MinimumVisualStudioVersion = 10.0.40219.1
Project("{FAE04EC0-301F-11D3-BF4B-00C04F79EFBC}") = "IdentityWebApp", "IdentityWebApp\IdentityWebApp.csproj", "{FF4CC13A-5565-4CB7-8237-5FC0D9BAC0A1}"
EndProject
Global
	GlobalSection(SolutionConfigurationPlatforms) = preSolution
		Debug|Any CPU = Debug|Any CPU
		Release|Any CPU = Release|Any CPU
	EndGlobalSection
	GlobalSection(ProjectConfigurationPlatforms) = postSolution
		{FF4CC13A-5565-4CB7-8237-5FC0D9BAC0A1}.Debug|Any CPU.ActiveCfg = Debug|Any CPU
		{FF4CC13A-5565-4CB7-8237-5FC0D9BAC0A1}.Debug|Any CPU.Build.0 = Debug|Any CPU
		{FF4CC13A-5565-4CB7-8237-5FC0D9BAC0A1}.Release|Any CPU.ActiveCfg = Release|Any CPU
		{FF4CC13A-5565-4CB7-8237-5FC0D9BAC0A1}.Release|Any CPU.Build.0 = Release|Any CPU
	EndGlobalSection
	GlobalSection(SolutionProperties) = preSolution
		HideSolutionNode = FALSE
	EndGlobalSection
	GlobalSection(ExtensibilityGlobals) = postSolution
		SolutionGuid = {7887EECC-1799-4C22-AD45-BE3B054B2F0B}
	EndGlobalSection
EndGlobal
